
Microsoft Visual Studio Solution File, Format Version 12.00
# Visual Studio Version 17
VisualStudioVersion = 17.8.34408.163
MinimumVisualStudioVersion = 10.0.40219.1
Project("{9A19103F-16F7-4668-BE54-9A1E7A4F7556}") = "CIS375Final", "CIS375Final.csproj", "{94A4B22B-DB7B-470C-A6BE-C9F78C739CE7}"
EndProject
Project("{FAE04EC0-301F-11D3-BF4B-00C04F79EFBC}") = "CIS375FinalTests1", "..\CIS375FinalTests1\CIS375FinalTests1.csproj", "{2A87FEF0-D2EE-4691-8AF7-B42E096E418C}"
EndProject
Global
	GlobalSection(SolutionConfigurationPlatforms) = preSolution
		Debug|Any CPU = Debug|Any CPU
		Release|Any CPU = Release|Any CPU
	EndGlobalSection
	GlobalSection(ProjectConfigurationPlatforms) = postSolution
		{94A4B22B-DB7B-470C-A6BE-C9F78C739CE7}.Debug|Any CPU.ActiveCfg = Debug|Any CPU
		{94A4B22B-DB7B-470C-A6BE-C9F78C739CE7}.Debug|Any CPU.Build.0 = Debug|Any CPU
		{94A4B22B-DB7B-470C-A6BE-C9F78C739CE7}.Release|Any CPU.ActiveCfg = Release|Any CPU
		{94A4B22B-DB7B-470C-A6BE-C9F78C739CE7}.Release|Any CPU.Build.0 = Release|Any CPU
		{2A87FEF0-D2EE-4691-8AF7-B42E096E418C}.Debug|Any CPU.ActiveCfg = Debug|Any CPU
		{2A87FEF0-D2EE-4691-8AF7-B42E096E418C}.Debug|Any CPU.Build.0 = Debug|Any CPU
		{2A87FEF0-D2EE-4691-8AF7-B42E096E418C}.Release|Any CPU.ActiveCfg = Release|Any CPU
		{2A87FEF0-D2EE-4691-8AF7-B42E096E418C}.Release|Any CPU.Build.0 = Release|Any CPU
	EndGlobalSection
	GlobalSection(SolutionProperties) = preSolution
		HideSolutionNode = FALSE
	EndGlobalSection
	GlobalSection(ExtensibilityGlobals) = postSolution
		SolutionGuid = {94B034A7-1FEF-41C5-9257-B81FF975495B}
	EndGlobalSection
EndGlobal
